
Microsoft Visual Studio Solution File, Format Version 12.00
# Visual Studio Version 16
VisualStudioVersion = 16.0.31129.286
MinimumVisualStudioVersion = 10.0.40219.1
Project("{FAE04EC0-301F-11D3-BF4B-00C04F79EFBC}") = "BDRealLibrary", "BDRealLibrary\BDRealLibrary.csproj", "{DF632E24-D21B-4FB7-A7A5-185C84E3260E}"
EndProject
Global
	GlobalSection(SolutionConfigurationPlatforms) = preSolution
		Debug|Any CPU = Debug|Any CPU
		Release|Any CPU = Release|Any CPU
	EndGlobalSection
	GlobalSection(ProjectConfigurationPlatforms) = postSolution
		{DF632E24-D21B-4FB7-A7A5-185C84E3260E}.Debug|Any CPU.ActiveCfg = Debug|Any CPU
		{DF632E24-D21B-4FB7-A7A5-185C84E3260E}.Debug|Any CPU.Build.0 = Debug|Any CPU
		{DF632E24-D21B-4FB7-A7A5-185C84E3260E}.Release|Any CPU.ActiveCfg = Release|Any CPU
		{DF632E24-D21B-4FB7-A7A5-185C84E3260E}.Release|Any CPU.Build.0 = Release|Any CPU
	EndGlobalSection
	GlobalSection(SolutionProperties) = preSolution
		HideSolutionNode = FALSE
	EndGlobalSection
	GlobalSection(ExtensibilityGlobals) = postSolution
		SolutionGuid = {871E6101-15BC-4D0F-A745-DA07DEB0DDBB}
	EndGlobalSection
EndGlobal
